
Microsoft Visual Studio Solution File, Format Version 12.00
# Visual Studio 14
VisualStudioVersion = 14.0.25420.1
MinimumVisualStudioVersion = 10.0.40219.1
Project("{FAE04EC0-301F-11D3-BF4B-00C04F79EFBC}") = "B2CAppMobile", "B2CAppMobile\B2CAppMobile\B2CAppMobile.csproj", "{5B29E569-9A8D-458F-97DE-03220E4233A1}"
EndProject
Project("{FAE04EC0-301F-11D3-BF4B-00C04F79EFBC}") = "B2CAppMobile.Droid", "B2CAppMobile\B2CAppMobile.Droid\B2CAppMobile.Droid.csproj", "{F780AC4F-CCCE-4503-B410-1D6DB62135A1}"
EndProject
Project("{FAE04EC0-301F-11D3-BF4B-00C04F79EFBC}") = "B2CAppMobile.iOS", "B2CAppMobile\B2CAppMobile.iOS\B2CAppMobile.iOS.csproj", "{69BA9D69-852C-410C-97A2-863095084350}"
EndProject
Project("{FAE04EC0-301F-11D3-BF4B-00C04F79EFBC}") = "B2CAppMobile.UWP", "B2CAppMobile\B2CAppMobile.UWP\B2CAppMobile.UWP.csproj", "{BA07129E-47F6-4A56-89F1-8099498B5C30}"
EndProject
Global
	GlobalSection(SolutionConfigurationPlatforms) = preSolution
		Ad-Hoc|Any CPU = Ad-Hoc|Any CPU
		Ad-Hoc|ARM = Ad-Hoc|ARM
		Ad-Hoc|iPhone = Ad-Hoc|iPhone
		Ad-Hoc|iPhoneSimulator = Ad-Hoc|iPhoneSimulator
		Ad-Hoc|x64 = Ad-Hoc|x64
		Ad-Hoc|x86 = Ad-Hoc|x86
		AppStore|Any CPU = AppStore|Any CPU
		AppStore|ARM = AppStore|ARM
		AppStore|iPhone = AppStore|iPhone
		AppStore|iPhoneSimulator = AppStore|iPhoneSimulator
		AppStore|x64 = AppStore|x64
		AppStore|x86 = AppStore|x86
		Debug|Any CPU = Debug|Any CPU
		Debug|ARM = Debug|ARM
		Debug|iPhone = Debug|iPhone
		Debug|iPhoneSimulator = Debug|iPhoneSimulator
		Debug|x64 = Debug|x64
		Debug|x86 = Debug|x86
		Release|Any CPU = Release|Any CPU
		Release|ARM = Release|ARM
		Release|iPhone = Release|iPhone
		Release|iPhoneSimulator = Release|iPhoneSimulator
		Release|x64 = Release|x64
		Release|x86 = Release|x86
	EndGlobalSection
	GlobalSection(ProjectConfigurationPlatforms) = postSolution
		{5B29E569-9A8D-458F-97DE-03220E4233A1}.Ad-Hoc|Any CPU.ActiveCfg = Release|Any CPU
		{5B29E569-9A8D-458F-97DE-03220E4233A1}.Ad-Hoc|Any CPU.Build.0 = Release|Any CPU
		{5B29E569-9A8D-458F-97DE-03220E4233A1}.Ad-Hoc|ARM.ActiveCfg = Release|Any CPU
		{5B29E569-9A8D-458F-97DE-03220E4233A1}.Ad-Hoc|ARM.Build.0 = Release|Any CPU
		{5B29E569-9A8D-458F-97DE-03220E4233A1}.Ad-Hoc|iPhone.ActiveCfg = Release|Any CPU
		{5B29E569-9A8D-458F-97DE-03220E4233A1}.Ad-Hoc|iPhone.Build.0 = Release|Any CPU
		{5B29E569-9A8D-458F-97DE-03220E4233A1}.Ad-Hoc|iPhoneSimulator.ActiveCfg = Release|Any CPU
		{5B29E569-9A8D-458F-97DE-03220E4233A1}.Ad-Hoc|iPhoneSimulator.Build.0 = Release|Any CPU
		{5B29E569-9A8D-458F-97DE-03220E4233A1}.Ad-Hoc|x64.ActiveCfg = Release|Any CPU
		{5B29E569-9A8D-458F-97DE-03220E4233A1}.Ad-Hoc|x64.Build.0 = Release|Any CPU
		{5B29E569-9A8D-458F-97DE-03220E4233A1}.Ad-Hoc|x86.ActiveCfg = Release|Any CPU
		{5B29E569-9A8D-458F-97DE-03220E4233A1}.Ad-Hoc|x86.Build.0 = Release|Any CPU
		{5B29E569-9A8D-458F-97DE-03220E4233A1}.AppStore|Any CPU.ActiveCfg = Release|Any CPU
		{5B29E569-9A8D-458F-97DE-03220E4233A1}.AppStore|Any CPU.Build.0 = Release|Any CPU
		{5B29E569-9A8D-458F-97DE-03220E4233A1}.AppStore|ARM.ActiveCfg = Release|Any CPU
		{5B29E569-9A8D-458F-97DE-03220E4233A1}.AppStore|ARM.Build.0 = Release|Any CPU
		{5B29E569-9A8D-458F-97DE-03220E4233A1}.AppStore|iPhone.ActiveCfg = Release|Any CPU
		{5B29E569-9A8D-458F-97DE-03220E4233A1}.AppStore|iPhone.Build.0 = Release|Any CPU
		{5B29E569-9A8D-458F-97DE-03220E4233A1}.AppStore|iPhoneSimulator.ActiveCfg = Release|Any CPU
		{5B29E569-9A8D-458F-97DE-03220E4233A1}.AppStore|iPhoneSimulator.Build.0 = Release|Any CPU
		{5B29E569-9A8D-458F-97DE-03220E4233A1}.AppStore|x64.ActiveCfg = Release|Any CPU
		{5B29E569-9A8D-458F-97DE-03220E4233A1}.AppStore|x64.Build.0 = Release|Any CPU
		{5B29E569-9A8D-458F-97DE-03220E4233A1}.AppStore|x86.ActiveCfg = Release|Any CPU
		{5B29E569-9A8D-458F-97DE-03220E4233A1}.AppStore|x86.Build.0 = Release|Any CPU
		{5B29E569-9A8D-458F-97DE-03220E4233A1}.Debug|Any CPU.ActiveCfg = Debug|Any CPU
		{5B29E569-9A8D-458F-97DE-03220E4233A1}.Debug|Any CPU.Build.0 = Debug|Any CPU
		{5B29E569-9A8D-458F-97DE-03220E4233A1}.Debug|ARM.ActiveCfg = Debug|Any CPU
		{5B29E569-9A8D-458F-97DE-03220E4233A1}.Debug|ARM.Build.0 = Debug|Any CPU
		{5B29E569-9A8D-458F-97DE-03220E4233A1}.Debug|iPhone.ActiveCfg = Debug|Any CPU
		{5B29E569-9A8D-458F-97DE-03220E4233A1}.Debug|iPhone.Build.0 = Debug|Any CPU
		{5B29E569-9A8D-458F-97DE-03220E4233A1}.Debug|iPhoneSimulator.ActiveCfg = Debug|Any CPU
		{5B29E569-9A8D-458F-97DE-03220E4233A1}.Debug|iPhoneSimulator.Build.0 = Debug|Any CPU
		{5B29E569-9A8D-458F-97DE-03220E4233A1}.Debug|x64.ActiveCfg = Debug|Any CPU
		{5B29E569-9A8D-458F-97DE-03220E4233A1}.Debug|x64.Build.0 = Debug|Any CPU
		{5B29E569-9A8D-458F-97DE-03220E4233A1}.Debug|x86.ActiveCfg = Debug|Any CPU
		{5B29E569-9A8D-458F-97DE-03220E4233A1}.Debug|x86.Build.0 = Debug|Any CPU
		{5B29E569-9A8D-458F-97DE-03220E4233A1}.Release|Any CPU.ActiveCfg = Release|Any CPU
		{5B29E569-9A8D-458F-97DE-03220E4233A1}.Release|Any CPU.Build.0 = Release|Any CPU
		{5B29E569-9A8D-458F-97DE-03220E4233A1}.Release|ARM.ActiveCfg = Release|Any CPU
		{5B29E569-9A8D-458F-97DE-03220E4233A1}.Release|ARM.Build.0 = Release|Any CPU
		{5B29E569-9A8D-458F-97DE-03220E4233A1}.Release|iPhone.ActiveCfg = Release|Any CPU
		{5B29E569-9A8D-458F-97DE-03220E4233A1}.Release|iPhone.Build.0 = Release|Any CPU
		{5B29E569-9A8D-458F-97DE-03220E4233A1}.Release|iPhoneSimulator.ActiveCfg = Release|Any CPU
		{5B29E569-9A8D-458F-97DE-03220E4233A1}.Release|iPhoneSimulator.Build.0 = Release|Any CPU
		{5B29E569-9A8D-458F-97DE-03220E4233A1}.Release|x64.ActiveCfg = Release|Any CPU
		{5B29E569-9A8D-458F-97DE-03220E4233A1}.Release|x64.Build.0 = Release|Any CPU
		{5B29E569-9A8D-458F-97DE-03220E4233A1}.Release|x86.ActiveCfg = Release|Any CPU
		{5B29E569-9A8D-458F-97DE-03220E4233A1}.Release|x86.Build.0 = Release|Any CPU
		{F780AC4F-CCCE-4503-B410-1D6DB62135A1}.Ad-Hoc|Any CPU.ActiveCfg = Release|Any CPU
		{F780AC4F-CCCE-4503-B410-1D6DB62135A1}.Ad-Hoc|Any CPU.Build.0 = Release|Any CPU
		{F780AC4F-CCCE-4503-B410-1D6DB62135A1}.Ad-Hoc|Any CPU.Deploy.0 = Release|Any CPU
		{F780AC4F-CCCE-4503-B410-1D6DB62135A1}.Ad-Hoc|ARM.ActiveCfg = Release|Any CPU
		{F780AC4F-CCCE-4503-B410-1D6DB62135A1}.Ad-Hoc|ARM.Build.0 = Release|Any CPU
		{F780AC4F-CCCE-4503-B410-1D6DB62135A1}.Ad-Hoc|ARM.Deploy.0 = Release|Any CPU
		{F780AC4F-CCCE-4503-B410-1D6DB62135A1}.Ad-Hoc|iPhone.ActiveCfg = Release|Any CPU
		{F780AC4F-CCCE-4503-B410-1D6DB62135A1}.Ad-Hoc|iPhone.Build.0 = Release|Any CPU
		{F780AC4F-CCCE-4503-B410-1D6DB62135A1}.Ad-Hoc|iPhone.Deploy.0 = Release|Any CPU
		{F780AC4F-CCCE-4503-B410-1D6DB62135A1}.Ad-Hoc|iPhoneSimulator.ActiveCfg = Release|Any CPU
		{F780AC4F-CCCE-4503-B410-1D6DB62135A1}.Ad-Hoc|iPhoneSimulator.Build.0 = Release|Any CPU
		{F780AC4F-CCCE-4503-B410-1D6DB62135A1}.Ad-Hoc|iPhoneSimulator.Deploy.0 = Release|Any CPU
		{F780AC4F-CCCE-4503-B410-1D6DB62135A1}.Ad-Hoc|x64.ActiveCfg = Release|Any CPU
		{F780AC4F-CCCE-4503-B410-1D6DB62135A1}.Ad-Hoc|x64.Build.0 = Release|Any CPU
		{F780AC4F-CCCE-4503-B410-1D6DB62135A1}.Ad-Hoc|x64.Deploy.0 = Release|Any CPU
		{F780AC4F-CCCE-4503-B410-1D6DB62135A1}.Ad-Hoc|x86.ActiveCfg = Release|Any CPU
		{F780AC4F-CCCE-4503-B410-1D6DB62135A1}.Ad-Hoc|x86.Build.0 = Release|Any CPU
		{F780AC4F-CCCE-4503-B410-1D6DB62135A1}.Ad-Hoc|x86.Deploy.0 = Release|Any CPU
		{F780AC4F-CCCE-4503-B410-1D6DB62135A1}.AppStore|Any CPU.ActiveCfg = Release|Any CPU
		{F780AC4F-CCCE-4503-B410-1D6DB62135A1}.AppStore|Any CPU.Build.0 = Release|Any CPU
		{F780AC4F-CCCE-4503-B410-1D6DB62135A1}.AppStore|Any CPU.Deploy.0 = Release|Any CPU
		{F780AC4F-CCCE-4503-B410-1D6DB62135A1}.AppStore|ARM.ActiveCfg = Release|Any CPU
		{F780AC4F-CCCE-4503-B410-1D6DB62135A1}.AppStore|ARM.Build.0 = Release|Any CPU
		{F780AC4F-CCCE-4503-B410-1D6DB62135A1}.AppStore|ARM.Deploy.0 = Release|Any CPU
		{F780AC4F-CCCE-4503-B410-1D6DB62135A1}.AppStore|iPhone.ActiveCfg = Release|Any CPU
		{F780AC4F-CCCE-4503-B410-1D6DB62135A1}.AppStore|iPhone.Build.0 = Release|Any CPU
		{F780AC4F-CCCE-4503-B410-1D6DB62135A1}.AppStore|iPhone.Deploy.0 = Release|Any CPU
		{F780AC4F-CCCE-4503-B410-1D6DB62135A1}.AppStore|iPhoneSimulator.ActiveCfg = Release|Any CPU
		{F780AC4F-CCCE-4503-B410-1D6DB62135A1}.AppStore|iPhoneSimulator.Build.0 = Release|Any CPU
		{F780AC4F-CCCE-4503-B410-1D6DB62135A1}.AppStore|iPhoneSimulator.Deploy.0 = Release|Any CPU
		{F780AC4F-CCCE-4503-B410-1D6DB62135A1}.AppStore|x64.ActiveCfg = Release|Any CPU
		{F780AC4F-CCCE-4503-B410-1D6DB62135A1}.AppStore|x64.Build.0 = Release|Any CPU
		{F780AC4F-CCCE-4503-B410-1D6DB62135A1}.AppStore|x64.Deploy.0 = Release|Any CPU
		{F780AC4F-CCCE-4503-B410-1D6DB62135A1}.AppStore|x86.ActiveCfg = Release|Any CPU
		{F780AC4F-CCCE-4503-B410-1D6DB62135A1}.AppStore|x86.Build.0 = Release|Any CPU
		{F780AC4F-CCCE-4503-B410-1D6DB62135A1}.AppStore|x86.Deploy.0 = Release|Any CPU
		{F780AC4F-CCCE-4503-B410-1D6DB62135A1}.Debug|Any CPU.ActiveCfg = Debug|Any CPU
		{F780AC4F-CCCE-4503-B410-1D6DB62135A1}.Debug|Any CPU.Build.0 = Debug|Any CPU
		{F780AC4F-CCCE-4503-B410-1D6DB62135A1}.Debug|Any CPU.Deploy.0 = Debug|Any CPU
		{F780AC4F-CCCE-4503-B410-1D6DB62135A1}.Debug|ARM.ActiveCfg = Debug|Any CPU
		{F780AC4F-CCCE-4503-B410-1D6DB62135A1}.Debug|ARM.Build.0 = Debug|Any CPU
		{F780AC4F-CCCE-4503-B410-1D6DB62135A1}.Debug|ARM.Deploy.0 = Debug|Any CPU
		{F780AC4F-CCCE-4503-B410-1D6DB62135A1}.Debug|iPhone.ActiveCfg = Debug|Any CPU
		{F780AC4F-CCCE-4503-B410-1D6DB62135A1}.Debug|iPhone.Build.0 = Debug|Any CPU
		{F780AC4F-CCCE-4503-B410-1D6DB62135A1}.Debug|iPhone.Deploy.0 = Debug|Any CPU
		{F780AC4F-CCCE-4503-B410-1D6DB62135A1}.Debug|iPhoneSimulator.ActiveCfg = Debug|Any CPU
		{F780AC4F-CCCE-4503-B410-1D6DB62135A1}.Debug|iPhoneSimulator.Build.0 = Debug|Any CPU
		{F780AC4F-CCCE-4503-B410-1D6DB62135A1}.Debug|iPhoneSimulator.Deploy.0 = Debug|Any CPU
		{F780AC4F-CCCE-4503-B410-1D6DB62135A1}.Debug|x64.ActiveCfg = Debug|Any CPU
		{F780AC4F-CCCE-4503-B410-1D6DB62135A1}.Debug|x64.Build.0 = Debug|Any CPU
		{F780AC4F-CCCE-4503-B410-1D6DB62135A1}.Debug|x64.Deploy.0 = Debug|Any CPU
		{F780AC4F-CCCE-4503-B410-1D6DB62135A1}.Debug|x86.ActiveCfg = Debug|Any CPU
		{F780AC4F-CCCE-4503-B410-1D6DB62135A1}.Debug|x86.Build.0 = Debug|Any CPU
		{F780AC4F-CCCE-4503-B410-1D6DB62135A1}.Debug|x86.Deploy.0 = Debug|Any CPU
		{F780AC4F-CCCE-4503-B410-1D6DB62135A1}.Release|Any CPU.ActiveCfg = Release|Any CPU
		{F780AC4F-CCCE-4503-B410-1D6DB62135A1}.Release|Any CPU.Build.0 = Release|Any CPU
		{F780AC4F-CCCE-4503-B410-1D6DB62135A1}.Release|Any CPU.Deploy.0 = Release|Any CPU
		{F780AC4F-CCCE-4503-B410-1D6DB62135A1}.Release|ARM.ActiveCfg = Release|Any CPU
		{F780AC4F-CCCE-4503-B410-1D6DB62135A1}.Release|ARM.Build.0 = Release|Any CPU
		{F780AC4F-CCCE-4503-B410-1D6DB62135A1}.Release|ARM.Deploy.0 = Release|Any CPU
		{F780AC4F-CCCE-4503-B410-1D6DB62135A1}.Release|iPhone.ActiveCfg = Release|Any CPU
		{F780AC4F-CCCE-4503-B410-1D6DB62135A1}.Release|iPhone.Build.0 = Release|Any CPU
		{F780AC4F-CCCE-4503-B410-1D6DB62135A1}.Release|iPhone.Deploy.0 = Release|Any CPU
		{F780AC4F-CCCE-4503-B410-1D6DB62135A1}.Release|iPhoneSimulator.ActiveCfg = Release|Any CPU
		{F780AC4F-CCCE-4503-B410-1D6DB62135A1}.Release|iPhoneSimulator.Build.0 = Release|Any CPU
		{F780AC4F-CCCE-4503-B410-1D6DB62135A1}.Release|iPhoneSimulator.Deploy.0 = Release|Any CPU
		{F780AC4F-CCCE-4503-B410-1D6DB62135A1}.Release|x64.ActiveCfg = Release|Any CPU
		{F780AC4F-CCCE-4503-B410-1D6DB62135A1}.Release|x64.Build.0 = Release|Any CPU
		{F780AC4F-CCCE-4503-B410-1D6DB62135A1}.Release|x64.Deploy.0 = Release|Any CPU
		{F780AC4F-CCCE-4503-B410-1D6DB62135A1}.Release|x86.ActiveCfg = Release|Any CPU
		{F780AC4F-CCCE-4503-B410-1D6DB62135A1}.Release|x86.Build.0 = Release|Any CPU
		{F780AC4F-CCCE-4503-B410-1D6DB62135A1}.Release|x86.Deploy.0 = Release|Any CPU
		{69BA9D69-852C-410C-97A2-863095084350}.Ad-Hoc|Any CPU.ActiveCfg = Ad-Hoc|iPhone
		{69BA9D69-852C-410C-97A2-863095084350}.Ad-Hoc|ARM.ActiveCfg = Ad-Hoc|iPhone
		{69BA9D69-852C-410C-97A2-863095084350}.Ad-Hoc|iPhone.ActiveCfg = Ad-Hoc|iPhone
		{69BA9D69-852C-410C-97A2-863095084350}.Ad-Hoc|iPhone.Build.0 = Ad-Hoc|iPhone
		{69BA9D69-852C-410C-97A2-863095084350}.Ad-Hoc|iPhoneSimulator.ActiveCfg = Ad-Hoc|iPhoneSimulator
		{69BA9D69-852C-410C-97A2-863095084350}.Ad-Hoc|iPhoneSimulator.Build.0 = Ad-Hoc|iPhoneSimulator
		{69BA9D69-852C-410C-97A2-863095084350}.Ad-Hoc|x64.ActiveCfg = Ad-Hoc|iPhone
		{69BA9D69-852C-410C-97A2-863095084350}.Ad-Hoc|x86.ActiveCfg = Ad-Hoc|iPhone
		{69BA9D69-852C-410C-97A2-863095084350}.AppStore|Any CPU.ActiveCfg = AppStore|iPhone
		{69BA9D69-852C-410C-97A2-863095084350}.AppStore|ARM.ActiveCfg = AppStore|iPhone
		{69BA9D69-852C-410C-97A2-863095084350}.AppStore|iPhone.ActiveCfg = AppStore|iPhone
		{69BA9D69-852C-410C-97A2-863095084350}.AppStore|iPhone.Build.0 = AppStore|iPhone
		{69BA9D69-852C-410C-97A2-863095084350}.AppStore|iPhoneSimulator.ActiveCfg = AppStore|iPhoneSimulator
		{69BA9D69-852C-410C-97A2-863095084350}.AppStore|iPhoneSimulator.Build.0 = AppStore|iPhoneSimulator
		{69BA9D69-852C-410C-97A2-863095084350}.AppStore|x64.ActiveCfg = AppStore|iPhone
		{69BA9D69-852C-410C-97A2-863095084350}.AppStore|x86.ActiveCfg = AppStore|iPhone
		{69BA9D69-852C-410C-97A2-863095084350}.Debug|Any CPU.ActiveCfg = Debug|iPhone
		{69BA9D69-852C-410C-97A2-863095084350}.Debug|Any CPU.Build.0 = Debug|iPhone
		{69BA9D69-852C-410C-97A2-863095084350}.Debug|ARM.ActiveCfg = Debug|iPhone
		{69BA9D69-852C-410C-97A2-863095084350}.Debug|iPhone.ActiveCfg = Debug|iPhone
		{69BA9D69-852C-410C-97A2-863095084350}.Debug|iPhone.Build.0 = Debug|iPhone
		{69BA9D69-852C-410C-97A2-863095084350}.Debug|iPhoneSimulator.ActiveCfg = Debug|iPhoneSimulator
		{69BA9D69-852C-410C-97A2-863095084350}.Debug|iPhoneSimulator.Build.0 = Debug|iPhoneSimulator
		{69BA9D69-852C-410C-97A2-863095084350}.Debug|x64.ActiveCfg = Debug|iPhone
		{69BA9D69-852C-410C-97A2-863095084350}.Debug|x86.ActiveCfg = Debug|iPhone
		{69BA9D69-852C-410C-97A2-863095084350}.Release|Any CPU.ActiveCfg = Release|iPhone
		{69BA9D69-852C-410C-97A2-863095084350}.Release|ARM.ActiveCfg = Release|iPhone
		{69BA9D69-852C-410C-97A2-863095084350}.Release|iPhone.ActiveCfg = Release|iPhone
		{69BA9D69-852C-410C-97A2-863095084350}.Release|iPhone.Build.0 = Release|iPhone
		{69BA9D69-852C-410C-97A2-863095084350}.Release|iPhoneSimulator.ActiveCfg = Release|iPhoneSimulator
		{69BA9D69-852C-410C-97A2-863095084350}.Release|iPhoneSimulator.Build.0 = Release|iPhoneSimulator
		{69BA9D69-852C-410C-97A2-863095084350}.Release|x64.ActiveCfg = Release|iPhone
		{69BA9D69-852C-410C-97A2-863095084350}.Release|x86.ActiveCfg = Release|iPhone
		{BA07129E-47F6-4A56-89F1-8099498B5C30}.Ad-Hoc|Any CPU.ActiveCfg = Release|x86
		{BA07129E-47F6-4A56-89F1-8099498B5C30}.Ad-Hoc|Any CPU.Build.0 = Release|x86
		{BA07129E-47F6-4A56-89F1-8099498B5C30}.Ad-Hoc|Any CPU.Deploy.0 = Release|x86
		{BA07129E-47F6-4A56-89F1-8099498B5C30}.Ad-Hoc|ARM.ActiveCfg = Release|ARM
		{BA07129E-47F6-4A56-89F1-8099498B5C30}.Ad-Hoc|ARM.Build.0 = Release|ARM
		{BA07129E-47F6-4A56-89F1-8099498B5C30}.Ad-Hoc|ARM.Deploy.0 = Release|ARM
		{BA07129E-47F6-4A56-89F1-8099498B5C30}.Ad-Hoc|iPhone.ActiveCfg = Release|x86
		{BA07129E-47F6-4A56-89F1-8099498B5C30}.Ad-Hoc|iPhone.Build.0 = Release|x86
		{BA07129E-47F6-4A56-89F1-8099498B5C30}.Ad-Hoc|iPhone.Deploy.0 = Release|x86
		{BA07129E-47F6-4A56-89F1-8099498B5C30}.Ad-Hoc|iPhoneSimulator.ActiveCfg = Release|x86
		{BA07129E-47F6-4A56-89F1-8099498B5C30}.Ad-Hoc|iPhoneSimulator.Build.0 = Release|x86
		{BA07129E-47F6-4A56-89F1-8099498B5C30}.Ad-Hoc|iPhoneSimulator.Deploy.0 = Release|x86
		{BA07129E-47F6-4A56-89F1-8099498B5C30}.Ad-Hoc|x64.ActiveCfg = Release|x64
		{BA07129E-47F6-4A56-89F1-8099498B5C30}.Ad-Hoc|x64.Build.0 = Release|x64
		{BA07129E-47F6-4A56-89F1-8099498B5C30}.Ad-Hoc|x64.Deploy.0 = Release|x64
		{BA07129E-47F6-4A56-89F1-8099498B5C30}.Ad-Hoc|x86.ActiveCfg = Release|x86
		{BA07129E-47F6-4A56-89F1-8099498B5C30}.Ad-Hoc|x86.Build.0 = Release|x86
		{BA07129E-47F6-4A56-89F1-8099498B5C30}.Ad-Hoc|x86.Deploy.0 = Release|x86
		{BA07129E-47F6-4A56-89F1-8099498B5C30}.AppStore|Any CPU.ActiveCfg = Release|x86
		{BA07129E-47F6-4A56-89F1-8099498B5C30}.AppStore|Any CPU.Build.0 = Release|x86
		{BA07129E-47F6-4A56-89F1-8099498B5C30}.AppStore|Any CPU.Deploy.0 = Release|x86
		{BA07129E-47F6-4A56-89F1-8099498B5C30}.AppStore|ARM.ActiveCfg = Release|ARM
		{BA07129E-47F6-4A56-89F1-8099498B5C30}.AppStore|ARM.Build.0 = Release|ARM
		{BA07129E-47F6-4A56-89F1-8099498B5C30}.AppStore|ARM.Deploy.0 = Release|ARM
		{BA07129E-47F6-4A56-89F1-8099498B5C30}.AppStore|iPhone.ActiveCfg = Release|x86
		{BA07129E-47F6-4A56-89F1-8099498B5C30}.AppStore|iPhone.Build.0 = Release|x86
		{BA07129E-47F6-4A56-89F1-8099498B5C30}.AppStore|iPhone.Deploy.0 = Release|x86
		{BA07129E-47F6-4A56-89F1-8099498B5C30}.AppStore|iPhoneSimulator.ActiveCfg = Release|x86
		{BA07129E-47F6-4A56-89F1-8099498B5C30}.AppStore|iPhoneSimulator.Build.0 = Release|x86
		{BA07129E-47F6-4A56-89F1-8099498B5C30}.AppStore|iPhoneSimulator.Deploy.0 = Release|x86
		{BA07129E-47F6-4A56-89F1-8099498B5C30}.AppStore|x64.ActiveCfg = Release|x64
		{BA07129E-47F6-4A56-89F1-8099498B5C30}.AppStore|x64.Build.0 = Release|x64
		{BA07129E-47F6-4A56-89F1-8099498B5C30}.AppStore|x64.Deploy.0 = Release|x64
		{BA07129E-47F6-4A56-89F1-8099498B5C30}.AppStore|x86.ActiveCfg = Release|x86
		{BA07129E-47F6-4A56-89F1-8099498B5C30}.AppStore|x86.Build.0 = Release|x86
		{BA07129E-47F6-4A56-89F1-8099498B5C30}.AppStore|x86.Deploy.0 = Release|x86
		{BA07129E-47F6-4A56-89F1-8099498B5C30}.Debug|Any CPU.ActiveCfg = Debug|x86
		{BA07129E-47F6-4A56-89F1-8099498B5C30}.Debug|Any CPU.Build.0 = Debug|x86
		{BA07129E-47F6-4A56-89F1-8099498B5C30}.Debug|Any CPU.Deploy.0 = Debug|x86
		{BA07129E-47F6-4A56-89F1-8099498B5C30}.Debug|ARM.ActiveCfg = Debug|ARM
		{BA07129E-47F6-4A56-89F1-8099498B5C30}.Debug|ARM.Build.0 = Debug|ARM
		{BA07129E-47F6-4A56-89F1-8099498B5C30}.Debug|ARM.Deploy.0 = Debug|ARM
		{BA07129E-47F6-4A56-89F1-8099498B5C30}.Debug|iPhone.ActiveCfg = Debug|x86
		{BA07129E-47F6-4A56-89F1-8099498B5C30}.Debug|iPhoneSimulator.ActiveCfg = Debug|x86
		{BA07129E-47F6-4A56-89F1-8099498B5C30}.Debug|iPhoneSimulator.Build.0 = Debug|x86
		{BA07129E-47F6-4A56-89F1-8099498B5C30}.Debug|iPhoneSimulator.Deploy.0 = Debug|x86
		{BA07129E-47F6-4A56-89F1-8099498B5C30}.Debug|x64.ActiveCfg = Debug|x64
		{BA07129E-47F6-4A56-89F1-8099498B5C30}.Debug|x64.Build.0 = Debug|x64
		{BA07129E-47F6-4A56-89F1-8099498B5C30}.Debug|x64.Deploy.0 = Debug|x64
		{BA07129E-47F6-4A56-89F1-8099498B5C30}.Debug|x86.ActiveCfg = Debug|x86
		{BA07129E-47F6-4A56-89F1-8099498B5C30}.Debug|x86.Build.0 = Debug|x86
		{BA07129E-47F6-4A56-89F1-8099498B5C30}.Debug|x86.Deploy.0 = Debug|x86
		{BA07129E-47F6-4A56-89F1-8099498B5C30}.Release|Any CPU.ActiveCfg = Release|x86
		{BA07129E-47F6-4A56-89F1-8099498B5C30}.Release|ARM.ActiveCfg = Release|ARM
		{BA07129E-47F6-4A56-89F1-8099498B5C30}.Release|ARM.Build.0 = Release|ARM
		{BA07129E-47F6-4A56-89F1-8099498B5C30}.Release|ARM.Deploy.0 = Release|ARM
		{BA07129E-47F6-4A56-89F1-8099498B5C30}.Release|iPhone.ActiveCfg = Release|x86
		{BA07129E-47F6-4A56-89F1-8099498B5C30}.Release|iPhoneSimulator.ActiveCfg = Release|x86
		{BA07129E-47F6-4A56-89F1-8099498B5C30}.Release|x64.ActiveCfg = Release|x64
		{BA07129E-47F6-4A56-89F1-8099498B5C30}.Release|x64.Build.0 = Release|x64
		{BA07129E-47F6-4A56-89F1-8099498B5C30}.Release|x64.Deploy.0 = Release|x64
		{BA07129E-47F6-4A56-89F1-8099498B5C30}.Release|x86.ActiveCfg = Release|x86
		{BA07129E-47F6-4A56-89F1-8099498B5C30}.Release|x86.Build.0 = Release|x86
		{BA07129E-47F6-4A56-89F1-8099498B5C30}.Release|x86.Deploy.0 = Release|x86
	EndGlobalSection
	GlobalSection(SolutionProperties) = preSolution
		HideSolutionNode = FALSE
	EndGlobalSection
EndGlobal
